// !$*UTF8*$!
{
	archiveVersion = 1;
	classes = {
	};
	objectVersion = 50;
	objects = {

/* Begin PBXBuildFile section */
		1146A5B224C62464005C8605 /* AppDelegate.swift in Sources */ = {isa = PBXBuildFile; fileRef = 1146A5B124C62464005C8605 /* AppDelegate.swift */; };
		1146A5B424C62464005C8605 /* SceneDelegate.swift in Sources */ = {isa = PBXBuildFile; fileRef = 1146A5B324C62464005C8605 /* SceneDelegate.swift */; };
		1146A5B624C62464005C8605 /* ViewController.swift in Sources */ = {isa = PBXBuildFile; fileRef = 1146A5B524C62464005C8605 /* ViewController.swift */; };
		1146A5B924C62464005C8605 /* Main.storyboard in Resources */ = {isa = PBXBuildFile; fileRef = 1146A5B724C62464005C8605 /* Main.storyboard */; };
		1146A5BB24C62469005C8605 /* Assets.xcassets in Resources */ = {isa = PBXBuildFile; fileRef = 1146A5BA24C62469005C8605 /* Assets.xcassets */; };
		1146A5BE24C62469005C8605 /* LaunchScreen.storyboard in Resources */ = {isa = PBXBuildFile; fileRef = 1146A5BC24C62469005C8605 /* LaunchScreen.storyboard */; };
		1146A5C824C6255F005C8605 /* PlayingCard.swift in Sources */ = {isa = PBXBuildFile; fileRef = 1146A5C724C6255F005C8605 /* PlayingCard.swift */; };
		1146A5CA24C62A8E005C8605 /* PlayingCardDeck.swift in Sources */ = {isa = PBXBuildFile; fileRef = 1146A5C924C62A8E005C8605 /* PlayingCardDeck.swift */; };
		11AC645624D0B390003EAE72 /* CardBehavior.swift in Sources */ = {isa = PBXBuildFile; fileRef = 11AC645524D0B390003EAE72 /* CardBehavior.swift */; };
		11E512D324C6BFE2007CD971 /* PlayingCardView.swift in Sources */ = {isa = PBXBuildFile; fileRef = 11E512D224C6BFE2007CD971 /* PlayingCardView.swift */; };
/* End PBXBuildFile section */

/* Begin PBXFileReference section */
		1146A5AE24C62464005C8605 /* PlayingCard.app */ = {isa = PBXFileReference; explicitFileType = wrapper.application; includeInIndex = 0; path = PlayingCard.app; sourceTree = BUILT_PRODUCTS_DIR; };
		1146A5B124C62464005C8605 /* AppDelegate.swift */ = {isa = PBXFileReference; lastKnownFileType = sourcecode.swift; path = AppDelegate.swift; sourceTree = "<group>"; };
		1146A5B324C62464005C8605 /* SceneDelegate.swift */ = {isa = PBXFileReference; lastKnownFileType = sourcecode.swift; path = SceneDelegate.swift; sourceTree = "<group>"; };
		1146A5B524C62464005C8605 /* ViewController.swift */ = {isa = PBXFileReference; lastKnownFileType = sourcecode.swift; path = ViewController.swift; sourceTree = "<group>"; };
		1146A5B824C62464005C8605 /* Base */ = {isa = PBXFileReference; lastKnownFileType = file.storyboard; name = Base; path = Base.lproj/Main.storyboard; sourceTree = "<group>"; };
		1146A5BA24C62469005C8605 /* Assets.xcassets */ = {isa = PBXFileReference; lastKnownFileType = folder.assetcatalog; path = Assets.xcassets; sourceTree = "<group>"; };
		1146A5BD24C62469005C8605 /* Base */ = {isa = PBXFileReference; lastKnownFileType = file.storyboard; name = Base; path = Base.lproj/LaunchScreen.storyboard; sourceTree = "<group>"; };
		1146A5BF24C62469005C8605 /* Info.plist */ = {isa = PBXFileReference; lastKnownFileType = text.plist.xml; path = Info.plist; sourceTree = "<group>"; };
		1146A5C724C6255F005C8605 /* PlayingCard.swift */ = {isa = PBXFileReference; lastKnownFileType = sourcecode.swift; path = PlayingCard.swift; sourceTree = "<group>"; };
		1146A5C924C62A8E005C8605 /* PlayingCardDeck.swift */ = {isa = PBXFileReference; lastKnownFileType = sourcecode.swift; path = PlayingCardDeck.swift; sourceTree = "<group>"; };
		11AC645524D0B390003EAE72 /* CardBehavior.swift */ = {isa = PBXFileReference; lastKnownFileType = sourcecode.swift; path = CardBehavior.swift; sourceTree = "<group>"; };
		11E512D224C6BFE2007CD971 /* PlayingCardView.swift */ = {isa = PBXFileReference; lastKnownFileType = sourcecode.swift; path = PlayingCardView.swift; sourceTree = "<group>"; };
/* End PBXFileReference section */

/* Begin PBXFrameworksBuildPhase section */
		1146A5AB24C62464005C8605 /* Frameworks */ = {
			isa = PBXFrameworksBuildPhase;
			buildActionMask = 2147483647;
			files = (
			);
			runOnlyForDeploymentPostprocessing = 0;
		};
/* End PBXFrameworksBuildPhase section */

/* Begin PBXGroup section */
		1146A5A524C62464005C8605 = {
			isa = PBXGroup;
			children = (
				1146A5B024C62464005C8605 /* PlayingCard */,
				1146A5AF24C62464005C8605 /* Products */,
			);
			sourceTree = "<group>";
		};
		1146A5AF24C62464005C8605 /* Products */ = {
			isa = PBXGroup;
			children = (
				1146A5AE24C62464005C8605 /* PlayingCard.app */,
			);
			name = Products;
			sourceTree = "<group>";
		};
		1146A5B024C62464005C8605 /* PlayingCard */ = {
			isa = PBXGroup;
			children = (
				1146A5C624C624E2005C8605 /* Supporting Files */,
				1146A5B524C62464005C8605 /* ViewController.swift */,
				1146A5B724C62464005C8605 /* Main.storyboard */,
				1146A5C724C6255F005C8605 /* PlayingCard.swift */,
				11E512D224C6BFE2007CD971 /* PlayingCardView.swift */,
				1146A5C924C62A8E005C8605 /* PlayingCardDeck.swift */,
				11AC645524D0B390003EAE72 /* CardBehavior.swift */,
				1146A5BA24C62469005C8605 /* Assets.xcassets */,
				1146A5BF24C62469005C8605 /* Info.plist */,
			);
			path = PlayingCard;
			sourceTree = "<group>";
		};
		1146A5C624C624E2005C8605 /* Supporting Files */ = {
			isa = PBXGroup;
			children = (
				1146A5B324C62464005C8605 /* SceneDelegate.swift */,
				1146A5B124C62464005C8605 /* AppDelegate.swift */,
				1146A5BC24C62469005C8605 /* LaunchScreen.storyboard */,
			);
			path = "Supporting Files";
			sourceTree = "<group>";
		};
/* End PBXGroup section */

/* Begin PBXNativeTarget section */
		1146A5AD24C62464005C8605 /* PlayingCard */ = {
			isa = PBXNativeTarget;
			buildConfigurationList = 1146A5C224C62469005C8605 /* Build configuration list for PBXNativeTarget "PlayingCard" */;
			buildPhases = (
				1146A5AA24C62464005C8605 /* Sources */,
				1146A5AB24C62464005C8605 /* Frameworks */,
				1146A5AC24C62464005C8605 /* Resources */,
			);
			buildRules = (
			);
			dependencies = (
			);
			name = PlayingCard;
			productName = PlayingCard;
			productReference = 1146A5AE24C62464005C8605 /* PlayingCard.app */;
			productType = "com.apple.product-type.application";
		};
/* End PBXNativeTarget section */

/* Begin PBXProject section */
		1146A5A624C62464005C8605 /* Project object */ = {
			isa = PBXProject;
			attributes = {
				LastSwiftUpdateCheck = 1140;
				LastUpgradeCheck = 1140;
				ORGANIZATIONNAME = "Никита";
				TargetAttributes = {
					1146A5AD24C62464005C8605 = {
						CreatedOnToolsVersion = 11.4.1;
					};
				};
			};
			buildConfigurationList = 1146A5A924C62464005C8605 /* Build configuration list for PBXProject "PlayingCard" */;
			compatibilityVersion = "Xcode 9.3";
			developmentRegion = en;
			hasScannedForEncodings = 0;
			knownRegions = (
				en,
				Base,
			);
			mainGroup = 1146A5A524C62464005C8605;
			productRefGroup = 1146A5AF24C62464005C8605 /* Products */;
			projectDirPath = "";
			projectRoot = "";
			targets = (
				1146A5AD24C62464005C8605 /* PlayingCard */,
			);
		};
/* End PBXProject section */

/* Begin PBXResourcesBuildPhase section */
		1146A5AC24C62464005C8605 /* Resources */ = {
			isa = PBXResourcesBuildPhase;
			buildActionMask = 2147483647;
			files = (
				1146A5BE24C62469005C8605 /* LaunchScreen.storyboard in Resources */,
				1146A5BB24C62469005C8605 /* Assets.xcassets in Resources */,
				1146A5B924C62464005C8605 /* Main.storyboard in Resources */,
			);
			runOnlyForDeploymentPostprocessing = 0;
		};
/* End PBXResourcesBuildPhase section */

/* Begin PBXSourcesBuildPhase section */
		1146A5AA24C62464005C8605 /* Sources */ = {
			isa = PBXSourcesBuildPhase;
			buildActionMask = 2147483647;
			files = (
				1146A5B624C62464005C8605 /* ViewController.swift in Sources */,
				11E512D324C6BFE2007CD971 /* PlayingCardView.swift in Sources */,
				1146A5B224C62464005C8605 /* AppDelegate.swift in Sources */,
				1146A5CA24C62A8E005C8605 /* PlayingCardDeck.swift in Sources */,
				1146A5C824C6255F005C8605 /* PlayingCard.swift in Sources */,
				1146A5B424C62464005C8605 /* SceneDelegate.swift in Sources */,
				11AC645624D0B390003EAE72 /* CardBehavior.swift in Sources */,
			);
			runOnlyForDeploymentPostprocessing = 0;
		};
/* End PBXSourcesBuildPhase section */

/* Begin PBXVariantGroup section */
		1146A5B724C62464005C8605 /* Main.storyboard */ = {
			isa = PBXVariantGroup;
			children = (
				1146A5B824C62464005C8605 /* Base */,
			);
			name = Main.storyboard;
			sourceTree = "<group>";
		};
		1146A5BC24C62469005C8605 /* LaunchScreen.storyboard */ = {
			isa = PBXVariantGroup;
			children = (
				1146A5BD24C62469005C8605 /* Base */,
			);
			name = LaunchScreen.storyboard;
			sourceTree = "<group>";
		};
/* End PBXVariantGroup section */

/* Begin XCBuildConfiguration section */
		1146A5C024C62469005C8605 /* Debug */ = {
			isa = XCBuildConfiguration;
			buildSettings = {
				ALWAYS_SEARCH_USER_PATHS = NO;
				CLANG_ANALYZER_NONNULL = YES;
				CLANG_ANALYZER_NUMBER_OBJECT_CONVERSION = YES_AGGRESSIVE;
				CLANG_CXX_LANGUAGE_STANDARD = "gnu++14";
				CLANG_CXX_LIBRARY = "libc++";
				CLANG_ENABLE_MODULES = YES;
				CLANG_ENABLE_OBJC_ARC = YES;
				CLANG_ENABLE_OBJC_WEAK = YES;
				CLANG_WARN_BLOCK_CAPTURE_AUTORELEASING = YES;
				CLANG_WARN_BOOL_CONVERSION = YES;
				CLANG_WARN_COMMA = YES;
				CLANG_WARN_CONSTANT_CONVERSION = YES;
				CLANG_WARN_DEPRECATED_OBJC_IMPLEMENTATIONS = YES;
				CLANG_WARN_DIRECT_OBJC_ISA_USAGE = YES_ERROR;
				CLANG_WARN_DOCUMENTATION_COMMENTS = YES;
				CLANG_WARN_EMPTY_BODY = YES;
				CLANG_WARN_ENUM_CONVERSION = YES;
				CLANG_WARN_INFINITE_RECURSION = YES;
				CLANG_WARN_INT_CONVERSION = YES;
				CLANG_WARN_NON_LITERAL_NULL_CONVERSION = YES;
				CLANG_WARN_OBJC_IMPLICIT_RETAIN_SELF = YES;
				CLANG_WARN_OBJC_LITERAL_CONVERSION = YES;
				CLANG_WARN_OBJC_ROOT_CLASS = YES_ERROR;
				CLANG_WARN_RANGE_LOOP_ANALYSIS = YES;
				CLANG_WARN_STRICT_PROTOTYPES = YES;
				CLANG_WARN_SUSPICIOUS_MOVE = YES;
				CLANG_WARN_UNGUARDED_AVAILABILITY = YES_AGGRESSIVE;
				CLANG_WARN_UNREACHABLE_CODE = YES;
				CLANG_WARN__DUPLICATE_METHOD_MATCH = YES;
				COPY_PHASE_STRIP = NO;
				DEBUG_INFORMATION_FORMAT = dwarf;
				ENABLE_STRICT_OBJC_MSGSEND = YES;
				ENABLE_TESTABILITY = YES;
				GCC_C_LANGUAGE_STANDARD = gnu11;
				GCC_DYNAMIC_NO_PIC = NO;
				GCC_NO_COMMON_BLOCKS = YES;
				GCC_OPTIMIZATION_LEVEL = 0;
				GCC_PREPROCESSOR_DEFINITIONS = (
					"DEBUG=1",
					"$(inherited)",
				);
				GCC_WARN_64_TO_32_BIT_CONVERSION = YES;
				GCC_WARN_ABOUT_RETURN_TYPE = YES_ERROR;
				GCC_WARN_UNDECLARED_SELECTOR = YES;
				GCC_WARN_UNINITIALIZED_AUTOS = YES_AGGRESSIVE;
				GCC_WARN_UNUSED_FUNCTION = YES;
				GCC_WARN_UNUSED_VARIABLE = YES;
				IPHONEOS_DEPLOYMENT_TARGET = 13.4;
				MTL_ENABLE_DEBUG_INFO = INCLUDE_SOURCE;
				MTL_FAST_MATH = YES;
				ONLY_ACTIVE_ARCH = YES;
				SDKROOT = iphoneos;
				SWIFT_ACTIVE_COMPILATION_CONDITIONS = DEBUG;
				SWIFT_OPTIMIZATION_LEVEL = "-Onone";
			};
			name = Debug;
		};
		1146A5C124C62469005C8605 /* Release */ = {
			isa = XCBuildConfiguration;
			buildSettings = {
				ALWAYS_SEARCH_USER_PATHS = NO;
				CLANG_ANALYZER_NONNULL = YES;
				CLANG_ANALYZER_NUMBER_OBJECT_CONVERSION = YES_AGGRESSIVE;
				CLANG_CXX_LANGUAGE_STANDARD = "gnu++14";
				CLANG_CXX_LIBRARY = "libc++";
				CLANG_ENABLE_MODULES = YES;
				CLANG_ENABLE_OBJC_ARC = YES;
				CLANG_ENABLE_OBJC_WEAK = YES;
				CLANG_WARN_BLOCK_CAPTURE_AUTORELEASING = YES;
				CLANG_WARN_BOOL_CONVERSION = YES;
				CLANG_WARN_COMMA = YES;
				CLANG_WARN_CONSTANT_CONVERSION = YES;
				CLANG_WARN_DEPRECATED_OBJC_IMPLEMENTATIONS = YES;
				CLANG_WARN_DIRECT_OBJC_ISA_USAGE = YES_ERROR;
				CLANG_WARN_DOCUMENTATION_COMMENTS = YES;
				CLANG_WARN_EMPTY_BODY = YES;
				CLANG_WARN_ENUM_CONVERSION = YES;
				CLANG_WARN_INFINITE_RECURSION = YES;
				CLANG_WARN_INT_CONVERSION = YES;
				CLANG_WARN_NON_LITERAL_NULL_CONVERSION = YES;
				CLANG_WARN_OBJC_IMPLICIT_RETAIN_SELF = YES;
				CLANG_WARN_OBJC_LITERAL_CONVERSION = YES;
				CLANG_WARN_OBJC_ROOT_CLASS = YES_ERROR;
				CLANG_WARN_RANGE_LOOP_ANALYSIS = YES;
				CLANG_WARN_STRICT_PROTOTYPES = YES;
				CLANG_WARN_SUSPICIOUS_MOVE = YES;
				CLANG_WARN_UNGUARDED_AVAILABILITY = YES_AGGRESSIVE;
				CLANG_WARN_UNREACHABLE_CODE = YES;
				CLANG_WARN__DUPLICATE_METHOD_MATCH = YES;
				COPY_PHASE_STRIP = NO;
				DEBUG_INFORMATION_FORMAT = "dwarf-with-dsym";
				ENABLE_NS_ASSERTIONS = NO;
				ENABLE_STRICT_OBJC_MSGSEND = YES;
				GCC_C_LANGUAGE_STANDARD = gnu11;
				GCC_NO_COMMON_BLOCKS = YES;
				GCC_WARN_64_TO_32_BIT_CONVERSION = YES;
				GCC_WARN_ABOUT_RETURN_TYPE = YES_ERROR;
				GCC_WARN_UNDECLARED_SELECTOR = YES;
				GCC_WARN_UNINITIALIZED_AUTOS = YES_AGGRESSIVE;
				GCC_WARN_UNUSED_FUNCTION = YES;
				GCC_WARN_UNUSED_VARIABLE = YES;
				IPHONEOS_DEPLOYMENT_TARGET = 13.4;
				MTL_ENABLE_DEBUG_INFO = NO;
				MTL_FAST_MATH = YES;
				SDKROOT = iphoneos;
				SWIFT_COMPILATION_MODE = wholemodule;
				SWIFT_OPTIMIZATION_LEVEL = "-O";
				VALIDATE_PRODUCT = YES;
			};
			name = Release;
		};
		1146A5C324C62469005C8605 /* Debug */ = {
			isa = XCBuildConfiguration;
			buildSettings = {
				ASSETCATALOG_COMPILER_APPICON_NAME = AppIcon;
				CODE_SIGN_STYLE = Automatic;
				DEVELOPMENT_TEAM = CP4745EJK8;
				INFOPLIST_FILE = PlayingCard/Info.plist;
				LD_RUNPATH_SEARCH_PATHS = (
					"$(inherited)",
					"@executable_path/Frameworks",
				);
				PRODUCT_BUNDLE_IDENTIFIER = "-.PlayingCard";
				PRODUCT_NAME = "$(TARGET_NAME)";
				SWIFT_VERSION = 5.0;
				TARGETED_DEVICE_FAMILY = "1,2";
			};
			name = Debug;
		};
		1146A5C424C62469005C8605 /* Release */ = {
			isa = XCBuildConfiguration;
			buildSettings = {
				ASSETCATALOG_COMPILER_APPICON_NAME = AppIcon;
				CODE_SIGN_STYLE = Automatic;
				DEVELOPMENT_TEAM = CP4745EJK8;
				INFOPLIST_FILE = PlayingCard/Info.plist;
				LD_RUNPATH_SEARCH_PATHS = (
					"$(inherited)",
					"@executable_path/Frameworks",
				);
				PRODUCT_BUNDLE_IDENTIFIER = "-.PlayingCard";
				PRODUCT_NAME = "$(TARGET_NAME)";
				SWIFT_VERSION = 5.0;
				TARGETED_DEVICE_FAMILY = "1,2";
			};
			name = Release;
		};
/* End XCBuildConfiguration section */

/* Begin XCConfigurationList section */
		1146A5A924C62464005C8605 /* Build configuration list for PBXProject "PlayingCard" */ = {
			isa = XCConfigurationList;
			buildConfigurations = (
				1146A5C024C62469005C8605 /* Debug */,
				1146A5C124C62469005C8605 /* Release */,
			);
			defaultConfigurationIsVisible = 0;
			defaultConfigurationName = Release;
		};
		1146A5C224C62469005C8605 /* Build configuration list for PBXNativeTarget "PlayingCard" */ = {
			isa = XCConfigurationList;
			buildConfigurations = (
				1146A5C324C62469005C8605 /* Debug */,
				1146A5C424C62469005C8605 /* Release */,
			);
			defaultConfigurationIsVisible = 0;
			defaultConfigurationName = Release;
		};
/* End XCConfigurationList section */
	};
	rootObject = 1146A5A624C62464005C8605 /* Project object */;
}
